
Microsoft Visual Studio Solution File, Format Version 12.00
# Visual Studio Version 17
VisualStudioVersion = 17.0.32929.387
MinimumVisualStudioVersion = 10.0.40219.1
Project("{9A19103F-16F7-4668-BE54-9A1E7A4F7556}") = "CatalogService", "CatalogService\CatalogService.csproj", "{ACCB2EDD-C9EB-4B76-8DA7-B79958DA4B2C}"
EndProject
Project("{FAE04EC0-301F-11D3-BF4B-00C04F79EFBC}") = "Catalog.DAL", "Catalog.DAL\Catalog.DAL.csproj", "{A3044EC6-29B8-49F9-A206-7BC2D86DB69D}"
EndProject
Project("{FAE04EC0-301F-11D3-BF4B-00C04F79EFBC}") = "Catalog.BLL", "Catalog.BLL\Catalog.BLL.csproj", "{FB9AB064-9372-42A6-A39F-8CBF40BCB860}"
EndProject
Global
	GlobalSection(SolutionConfigurationPlatforms) = preSolution
		Debug|Any CPU = Debug|Any CPU
		Release|Any CPU = Release|Any CPU
	EndGlobalSection
	GlobalSection(ProjectConfigurationPlatforms) = postSolution
		{ACCB2EDD-C9EB-4B76-8DA7-B79958DA4B2C}.Debug|Any CPU.ActiveCfg = Debug|Any CPU
		{ACCB2EDD-C9EB-4B76-8DA7-B79958DA4B2C}.Debug|Any CPU.Build.0 = Debug|Any CPU
		{ACCB2EDD-C9EB-4B76-8DA7-B79958DA4B2C}.Release|Any CPU.ActiveCfg = Release|Any CPU
		{ACCB2EDD-C9EB-4B76-8DA7-B79958DA4B2C}.Release|Any CPU.Build.0 = Release|Any CPU
		{A3044EC6-29B8-49F9-A206-7BC2D86DB69D}.Debug|Any CPU.ActiveCfg = Debug|Any CPU
		{A3044EC6-29B8-49F9-A206-7BC2D86DB69D}.Debug|Any CPU.Build.0 = Debug|Any CPU
		{A3044EC6-29B8-49F9-A206-7BC2D86DB69D}.Release|Any CPU.ActiveCfg = Release|Any CPU
		{A3044EC6-29B8-49F9-A206-7BC2D86DB69D}.Release|Any CPU.Build.0 = Release|Any CPU
		{FB9AB064-9372-42A6-A39F-8CBF40BCB860}.Debug|Any CPU.ActiveCfg = Debug|Any CPU
		{FB9AB064-9372-42A6-A39F-8CBF40BCB860}.Debug|Any CPU.Build.0 = Debug|Any CPU
		{FB9AB064-9372-42A6-A39F-8CBF40BCB860}.Release|Any CPU.ActiveCfg = Release|Any CPU
		{FB9AB064-9372-42A6-A39F-8CBF40BCB860}.Release|Any CPU.Build.0 = Release|Any CPU
	EndGlobalSection
	GlobalSection(SolutionProperties) = preSolution
		HideSolutionNode = FALSE
	EndGlobalSection
	GlobalSection(ExtensibilityGlobals) = postSolution
		SolutionGuid = {2F99491E-A01B-48B4-AA58-C9F41FC14D67}
	EndGlobalSection
EndGlobal
